// !$*UTF8*$!
{
	archiveVersion = 1;
	classes = {
	};
	objectVersion = 50;
	objects = {

/* Begin PBXBuildFile section */
		A899AC7F22AF612800B1F4FE /* AppDelegate.swift in Sources */ = {isa = PBXBuildFile; fileRef = A899AC7E22AF612800B1F4FE /* AppDelegate.swift */; };
		A899AC8122AF612800B1F4FE /* ViewController.swift in Sources */ = {isa = PBXBuildFile; fileRef = A899AC8022AF612800B1F4FE /* ViewController.swift */; };
		A899AC8422AF612800B1F4FE /* Main.storyboard in Resources */ = {isa = PBXBuildFile; fileRef = A899AC8222AF612800B1F4FE /* Main.storyboard */; };
		A899AC8622AF612900B1F4FE /* Assets.xcassets in Resources */ = {isa = PBXBuildFile; fileRef = A899AC8522AF612900B1F4FE /* Assets.xcassets */; };
		A899AC8922AF612900B1F4FE /* LaunchScreen.storyboard in Resources */ = {isa = PBXBuildFile; fileRef = A899AC8722AF612900B1F4FE /* LaunchScreen.storyboard */; };
		A899AC9422AF612900B1F4FE /* PocketPrinter3D2_0Tests.swift in Sources */ = {isa = PBXBuildFile; fileRef = A899AC9322AF612900B1F4FE /* PocketPrinter3D2_0Tests.swift */; };
		A899AC9F22AF612900B1F4FE /* PocketPrinter3D2_0UITests.swift in Sources */ = {isa = PBXBuildFile; fileRef = A899AC9E22AF612900B1F4FE /* PocketPrinter3D2_0UITests.swift */; };
/* End PBXBuildFile section */

/* Begin PBXContainerItemProxy section */
		A899AC9022AF612900B1F4FE /* PBXContainerItemProxy */ = {
			isa = PBXContainerItemProxy;
			containerPortal = A899AC7322AF612800B1F4FE /* Project object */;
			proxyType = 1;
			remoteGlobalIDString = A899AC7A22AF612800B1F4FE;
			remoteInfo = PocketPrinter3D2.0;
		};
		A899AC9B22AF612900B1F4FE /* PBXContainerItemProxy */ = {
			isa = PBXContainerItemProxy;
			containerPortal = A899AC7322AF612800B1F4FE /* Project object */;
			proxyType = 1;
			remoteGlobalIDString = A899AC7A22AF612800B1F4FE;
			remoteInfo = PocketPrinter3D2.0;
		};
/* End PBXContainerItemProxy section */

/* Begin PBXFileReference section */
		A899AC7B22AF612800B1F4FE /* PocketPrinter3D2.0.app */ = {isa = PBXFileReference; explicitFileType = wrapper.application; includeInIndex = 0; path = PocketPrinter3D2.0.app; sourceTree = BUILT_PRODUCTS_DIR; };
		A899AC7E22AF612800B1F4FE /* AppDelegate.swift */ = {isa = PBXFileReference; lastKnownFileType = sourcecode.swift; path = AppDelegate.swift; sourceTree = "<group>"; };
		A899AC8022AF612800B1F4FE /* ViewController.swift */ = {isa = PBXFileReference; lastKnownFileType = sourcecode.swift; path = ViewController.swift; sourceTree = "<group>"; };
		A899AC8322AF612800B1F4FE /* Base */ = {isa = PBXFileReference; lastKnownFileType = file.storyboard; name = Base; path = Base.lproj/Main.storyboard; sourceTree = "<group>"; };
		A899AC8522AF612900B1F4FE /* Assets.xcassets */ = {isa = PBXFileReference; lastKnownFileType = folder.assetcatalog; path = Assets.xcassets; sourceTree = "<group>"; };
		A899AC8822AF612900B1F4FE /* Base */ = {isa = PBXFileReference; lastKnownFileType = file.storyboard; name = Base; path = Base.lproj/LaunchScreen.storyboard; sourceTree = "<group>"; };
		A899AC8A22AF612900B1F4FE /* Info.plist */ = {isa = PBXFileReference; lastKnownFileType = text.plist.xml; path = Info.plist; sourceTree = "<group>"; };
		A899AC8F22AF612900B1F4FE /* PocketPrinter3D2.0Tests.xctest */ = {isa = PBXFileReference; explicitFileType = wrapper.cfbundle; includeInIndex = 0; path = PocketPrinter3D2.0Tests.xctest; sourceTree = BUILT_PRODUCTS_DIR; };
		A899AC9322AF612900B1F4FE /* PocketPrinter3D2_0Tests.swift */ = {isa = PBXFileReference; lastKnownFileType = sourcecode.swift; path = PocketPrinter3D2_0Tests.swift; sourceTree = "<group>"; };
		A899AC9522AF612900B1F4FE /* Info.plist */ = {isa = PBXFileReference; lastKnownFileType = text.plist.xml; path = Info.plist; sourceTree = "<group>"; };
		A899AC9A22AF612900B1F4FE /* PocketPrinter3D2.0UITests.xctest */ = {isa = PBXFileReference; explicitFileType = wrapper.cfbundle; includeInIndex = 0; path = PocketPrinter3D2.0UITests.xctest; sourceTree = BUILT_PRODUCTS_DIR; };
		A899AC9E22AF612900B1F4FE /* PocketPrinter3D2_0UITests.swift */ = {isa = PBXFileReference; lastKnownFileType = sourcecode.swift; path = PocketPrinter3D2_0UITests.swift; sourceTree = "<group>"; };
		A899ACA022AF612900B1F4FE /* Info.plist */ = {isa = PBXFileReference; lastKnownFileType = text.plist.xml; path = Info.plist; sourceTree = "<group>"; };
/* End PBXFileReference section */

/* Begin PBXFrameworksBuildPhase section */
		A899AC7822AF612800B1F4FE /* Frameworks */ = {
			isa = PBXFrameworksBuildPhase;
			buildActionMask = 2147483647;
			files = (
			);
			runOnlyForDeploymentPostprocessing = 0;
		};
		A899AC8C22AF612900B1F4FE /* Frameworks */ = {
			isa = PBXFrameworksBuildPhase;
			buildActionMask = 2147483647;
			files = (
			);
			runOnlyForDeploymentPostprocessing = 0;
		};
		A899AC9722AF612900B1F4FE /* Frameworks */ = {
			isa = PBXFrameworksBuildPhase;
			buildActionMask = 2147483647;
			files = (
			);
			runOnlyForDeploymentPostprocessing = 0;
		};
/* End PBXFrameworksBuildPhase section */

/* Begin PBXGroup section */
		A899AC7222AF612800B1F4FE = {
			isa = PBXGroup;
			children = (
				A899AC7D22AF612800B1F4FE /* PocketPrinter3D2.0 */,
				A899AC9222AF612900B1F4FE /* PocketPrinter3D2.0Tests */,
				A899AC9D22AF612900B1F4FE /* PocketPrinter3D2.0UITests */,
				A899AC7C22AF612800B1F4FE /* Products */,
			);
			sourceTree = "<group>";
		};
		A899AC7C22AF612800B1F4FE /* Products */ = {
			isa = PBXGroup;
			children = (
				A899AC7B22AF612800B1F4FE /* PocketPrinter3D2.0.app */,
				A899AC8F22AF612900B1F4FE /* PocketPrinter3D2.0Tests.xctest */,
				A899AC9A22AF612900B1F4FE /* PocketPrinter3D2.0UITests.xctest */,
			);
			name = Products;
			sourceTree = "<group>";
		};
		A899AC7D22AF612800B1F4FE /* PocketPrinter3D2.0 */ = {
			isa = PBXGroup;
			children = (
				A899AC7E22AF612800B1F4FE /* AppDelegate.swift */,
				A899AC8022AF612800B1F4FE /* ViewController.swift */,
				A899AC8222AF612800B1F4FE /* Main.storyboard */,
				A899AC8522AF612900B1F4FE /* Assets.xcassets */,
				A899AC8722AF612900B1F4FE /* LaunchScreen.storyboard */,
				A899AC8A22AF612900B1F4FE /* Info.plist */,
			);
			path = PocketPrinter3D2.0;
			sourceTree = "<group>";
		};
		A899AC9222AF612900B1F4FE /* PocketPrinter3D2.0Tests */ = {
			isa = PBXGroup;
			children = (
				A899AC9322AF612900B1F4FE /* PocketPrinter3D2_0Tests.swift */,
				A899AC9522AF612900B1F4FE /* Info.plist */,
			);
			path = PocketPrinter3D2.0Tests;
			sourceTree = "<group>";
		};
		A899AC9D22AF612900B1F4FE /* PocketPrinter3D2.0UITests */ = {
			isa = PBXGroup;
			children = (
				A899AC9E22AF612900B1F4FE /* PocketPrinter3D2_0UITests.swift */,
				A899ACA022AF612900B1F4FE /* Info.plist */,
			);
			path = PocketPrinter3D2.0UITests;
			sourceTree = "<group>";
		};
/* End PBXGroup section */

/* Begin PBXNativeTarget section */
		A899AC7A22AF612800B1F4FE /* PocketPrinter3D2.0 */ = {
			isa = PBXNativeTarget;
			buildConfigurationList = A899ACA322AF612900B1F4FE /* Build configuration list for PBXNativeTarget "PocketPrinter3D2.0" */;
			buildPhases = (
				A899AC7722AF612800B1F4FE /* Sources */,
				A899AC7822AF612800B1F4FE /* Frameworks */,
				A899AC7922AF612800B1F4FE /* Resources */,
			);
			buildRules = (
			);
			dependencies = (
			);
			name = PocketPrinter3D2.0;
			productName = PocketPrinter3D2.0;
			productReference = A899AC7B22AF612800B1F4FE /* PocketPrinter3D2.0.app */;
			productType = "com.apple.product-type.application";
		};
		A899AC8E22AF612900B1F4FE /* PocketPrinter3D2.0Tests */ = {
			isa = PBXNativeTarget;
			buildConfigurationList = A899ACA622AF612900B1F4FE /* Build configuration list for PBXNativeTarget "PocketPrinter3D2.0Tests" */;
			buildPhases = (
				A899AC8B22AF612900B1F4FE /* Sources */,
				A899AC8C22AF612900B1F4FE /* Frameworks */,
				A899AC8D22AF612900B1F4FE /* Resources */,
			);
			buildRules = (
			);
			dependencies = (
				A899AC9122AF612900B1F4FE /* PBXTargetDependency */,
			);
			name = PocketPrinter3D2.0Tests;
			productName = PocketPrinter3D2.0Tests;
			productReference = A899AC8F22AF612900B1F4FE /* PocketPrinter3D2.0Tests.xctest */;
			productType = "com.apple.product-type.bundle.unit-test";
		};
		A899AC9922AF612900B1F4FE /* PocketPrinter3D2.0UITests */ = {
			isa = PBXNativeTarget;
			buildConfigurationList = A899ACA922AF612900B1F4FE /* Build configuration list for PBXNativeTarget "PocketPrinter3D2.0UITests" */;
			buildPhases = (
				A899AC9622AF612900B1F4FE /* Sources */,
				A899AC9722AF612900B1F4FE /* Frameworks */,
				A899AC9822AF612900B1F4FE /* Resources */,
			);
			buildRules = (
			);
			dependencies = (
				A899AC9C22AF612900B1F4FE /* PBXTargetDependency */,
			);
			name = PocketPrinter3D2.0UITests;
			productName = PocketPrinter3D2.0UITests;
			productReference = A899AC9A22AF612900B1F4FE /* PocketPrinter3D2.0UITests.xctest */;
			productType = "com.apple.product-type.bundle.ui-testing";
		};
/* End PBXNativeTarget section */

/* Begin PBXProject section */
		A899AC7322AF612800B1F4FE /* Project object */ = {
			isa = PBXProject;
			attributes = {
				LastSwiftUpdateCheck = 1020;
				LastUpgradeCheck = 1020;
				ORGANIZATIONNAME = "David Bershadsky and Leah Teichholtz";
				TargetAttributes = {
					A899AC7A22AF612800B1F4FE = {
						CreatedOnToolsVersion = 10.2.1;
					};
					A899AC8E22AF612900B1F4FE = {
						CreatedOnToolsVersion = 10.2.1;
						TestTargetID = A899AC7A22AF612800B1F4FE;
					};
					A899AC9922AF612900B1F4FE = {
						CreatedOnToolsVersion = 10.2.1;
						TestTargetID = A899AC7A22AF612800B1F4FE;
					};
				};
			};
			buildConfigurationList = A899AC7622AF612800B1F4FE /* Build configuration list for PBXProject "PocketPrinter3D2.0" */;
			compatibilityVersion = "Xcode 9.3";
			developmentRegion = en;
			hasScannedForEncodings = 0;
			knownRegions = (
				en,
				Base,
			);
			mainGroup = A899AC7222AF612800B1F4FE;
			productRefGroup = A899AC7C22AF612800B1F4FE /* Products */;
			projectDirPath = "";
			projectRoot = "";
			targets = (
				A899AC7A22AF612800B1F4FE /* PocketPrinter3D2.0 */,
				A899AC8E22AF612900B1F4FE /* PocketPrinter3D2.0Tests */,
				A899AC9922AF612900B1F4FE /* PocketPrinter3D2.0UITests */,
			);
		};
/* End PBXProject section */

/* Begin PBXResourcesBuildPhase section */
		A899AC7922AF612800B1F4FE /* Resources */ = {
			isa = PBXResourcesBuildPhase;
			buildActionMask = 2147483647;
			files = (
				A899AC8922AF612900B1F4FE /* LaunchScreen.storyboard in Resources */,
				A899AC8622AF612900B1F4FE /* Assets.xcassets in Resources */,
				A899AC8422AF612800B1F4FE /* Main.storyboard in Resources */,
			);
			runOnlyForDeploymentPostprocessing = 0;
		};
		A899AC8D22AF612900B1F4FE /* Resources */ = {
			isa = PBXResourcesBuildPhase;
			buildActionMask = 2147483647;
			files = (
			);
			runOnlyForDeploymentPostprocessing = 0;
		};
		A899AC9822AF612900B1F4FE /* Resources */ = {
			isa = PBXResourcesBuildPhase;
			buildActionMask = 2147483647;
			files = (
			);
			runOnlyForDeploymentPostprocessing = 0;
		};
/* End PBXResourcesBuildPhase section */

/* Begin PBXSourcesBuildPhase section */
		A899AC7722AF612800B1F4FE /* Sources */ = {
			isa = PBXSourcesBuildPhase;
			buildActionMask = 2147483647;
			files = (
				A899AC8122AF612800B1F4FE /* ViewController.swift in Sources */,
				A899AC7F22AF612800B1F4FE /* AppDelegate.swift in Sources */,
			);
			runOnlyForDeploymentPostprocessing = 0;
		};
		A899AC8B22AF612900B1F4FE /* Sources */ = {
			isa = PBXSourcesBuildPhase;
			buildActionMask = 2147483647;
			files = (
				A899AC9422AF612900B1F4FE /* PocketPrinter3D2_0Tests.swift in Sources */,
			);
			runOnlyForDeploymentPostprocessing = 0;
		};
		A899AC9622AF612900B1F4FE /* Sources */ = {
			isa = PBXSourcesBuildPhase;
			buildActionMask = 2147483647;
			files = (
				A899AC9F22AF612900B1F4FE /* PocketPrinter3D2_0UITests.swift in Sources */,
			);
			runOnlyForDeploymentPostprocessing = 0;
		};
/* End PBXSourcesBuildPhase section */

/* Begin PBXTargetDependency section */
		A899AC9122AF612900B1F4FE /* PBXTargetDependency */ = {
			isa = PBXTargetDependency;
			target = A899AC7A22AF612800B1F4FE /* PocketPrinter3D2.0 */;
			targetProxy = A899AC9022AF612900B1F4FE /* PBXContainerItemProxy */;
		};
		A899AC9C22AF612900B1F4FE /* PBXTargetDependency */ = {
			isa = PBXTargetDependency;
			target = A899AC7A22AF612800B1F4FE /* PocketPrinter3D2.0 */;
			targetProxy = A899AC9B22AF612900B1F4FE /* PBXContainerItemProxy */;
		};
/* End PBXTargetDependency section */

/* Begin PBXVariantGroup section */
		A899AC8222AF612800B1F4FE /* Main.storyboard */ = {
			isa = PBXVariantGroup;
			children = (
				A899AC8322AF612800B1F4FE /* Base */,
			);
			name = Main.storyboard;
			sourceTree = "<group>";
		};
		A899AC8722AF612900B1F4FE /* LaunchScreen.storyboard */ = {
			isa = PBXVariantGroup;
			children = (
				A899AC8822AF612900B1F4FE /* Base */,
			);
			name = LaunchScreen.storyboard;
			sourceTree = "<group>";
		};
/* End PBXVariantGroup section */

/* Begin XCBuildConfiguration section */
		A899ACA122AF612900B1F4FE /* Debug */ = {
			isa = XCBuildConfiguration;
			buildSettings = {
				ALWAYS_SEARCH_USER_PATHS = NO;
				CLANG_ANALYZER_NONNULL = YES;
				CLANG_ANALYZER_NUMBER_OBJECT_CONVERSION = YES_AGGRESSIVE;
				CLANG_CXX_LANGUAGE_STANDARD = "gnu++14";
				CLANG_CXX_LIBRARY = "libc++";
				CLANG_ENABLE_MODULES = YES;
				CLANG_ENABLE_OBJC_ARC = YES;
				CLANG_ENABLE_OBJC_WEAK = YES;
				CLANG_WARN_BLOCK_CAPTURE_AUTORELEASING = YES;
				CLANG_WARN_BOOL_CONVERSION = YES;
				CLANG_WARN_COMMA = YES;
				CLANG_WARN_CONSTANT_CONVERSION = YES;
				CLANG_WARN_DEPRECATED_OBJC_IMPLEMENTATIONS = YES;
				CLANG_WARN_DIRECT_OBJC_ISA_USAGE = YES_ERROR;
				CLANG_WARN_DOCUMENTATION_COMMENTS = YES;
				CLANG_WARN_EMPTY_BODY = YES;
				CLANG_WARN_ENUM_CONVERSION = YES;
				CLANG_WARN_INFINITE_RECURSION = YES;
				CLANG_WARN_INT_CONVERSION = YES;
				CLANG_WARN_NON_LITERAL_NULL_CONVERSION = YES;
				CLANG_WARN_OBJC_IMPLICIT_RETAIN_SELF = YES;
				CLANG_WARN_OBJC_LITERAL_CONVERSION = YES;
				CLANG_WARN_OBJC_ROOT_CLASS = YES_ERROR;
				CLANG_WARN_RANGE_LOOP_ANALYSIS = YES;
				CLANG_WARN_STRICT_PROTOTYPES = YES;
				CLANG_WARN_SUSPICIOUS_MOVE = YES;
				CLANG_WARN_UNGUARDED_AVAILABILITY = YES_AGGRESSIVE;
				CLANG_WARN_UNREACHABLE_CODE = YES;
				CLANG_WARN__DUPLICATE_METHOD_MATCH = YES;
				CODE_SIGN_IDENTITY = "iPhone Developer";
				COPY_PHASE_STRIP = NO;
				DEBUG_INFORMATION_FORMAT = dwarf;
				ENABLE_STRICT_OBJC_MSGSEND = YES;
				ENABLE_TESTABILITY = YES;
				GCC_C_LANGUAGE_STANDARD = gnu11;
				GCC_DYNAMIC_NO_PIC = NO;
				GCC_NO_COMMON_BLOCKS = YES;
				GCC_OPTIMIZATION_LEVEL = 0;
				GCC_PREPROCESSOR_DEFINITIONS = (
					"DEBUG=1",
					"$(inherited)",
				);
				GCC_WARN_64_TO_32_BIT_CONVERSION = YES;
				GCC_WARN_ABOUT_RETURN_TYPE = YES_ERROR;
				GCC_WARN_UNDECLARED_SELECTOR = YES;
				GCC_WARN_UNINITIALIZED_AUTOS = YES_AGGRESSIVE;
				GCC_WARN_UNUSED_FUNCTION = YES;
				GCC_WARN_UNUSED_VARIABLE = YES;
				IPHONEOS_DEPLOYMENT_TARGET = 12.2;
				MTL_ENABLE_DEBUG_INFO = INCLUDE_SOURCE;
				MTL_FAST_MATH = YES;
				ONLY_ACTIVE_ARCH = YES;
				SDKROOT = iphoneos;
				SWIFT_ACTIVE_COMPILATION_CONDITIONS = DEBUG;
				SWIFT_OPTIMIZATION_LEVEL = "-Onone";
			};
			name = Debug;
		};
		A899ACA222AF612900B1F4FE /* Release */ = {
			isa = XCBuildConfiguration;
			buildSettings = {
				ALWAYS_SEARCH_USER_PATHS = NO;
				CLANG_ANALYZER_NONNULL = YES;
				CLANG_ANALYZER_NUMBER_OBJECT_CONVERSION = YES_AGGRESSIVE;
				CLANG_CXX_LANGUAGE_STANDARD = "gnu++14";
				CLANG_CXX_LIBRARY = "libc++";
				CLANG_ENABLE_MODULES = YES;
				CLANG_ENABLE_OBJC_ARC = YES;
				CLANG_ENABLE_OBJC_WEAK = YES;
				CLANG_WARN_BLOCK_CAPTURE_AUTORELEASING = YES;
				CLANG_WARN_BOOL_CONVERSION = YES;
				CLANG_WARN_COMMA = YES;
				CLANG_WARN_CONSTANT_CONVERSION = YES;
				CLANG_WARN_DEPRECATED_OBJC_IMPLEMENTATIONS = YES;
				CLANG_WARN_DIRECT_OBJC_ISA_USAGE = YES_ERROR;
				CLANG_WARN_DOCUMENTATION_COMMENTS = YES;
				CLANG_WARN_EMPTY_BODY = YES;
				CLANG_WARN_ENUM_CONVERSION = YES;
				CLANG_WARN_INFINITE_RECURSION = YES;
				CLANG_WARN_INT_CONVERSION = YES;
				CLANG_WARN_NON_LITERAL_NULL_CONVERSION = YES;
				CLANG_WARN_OBJC_IMPLICIT_RETAIN_SELF = YES;
				CLANG_WARN_OBJC_LITERAL_CONVERSION = YES;
				CLANG_WARN_OBJC_ROOT_CLASS = YES_ERROR;
				CLANG_WARN_RANGE_LOOP_ANALYSIS = YES;
				CLANG_WARN_STRICT_PROTOTYPES = YES;
				CLANG_WARN_SUSPICIOUS_MOVE = YES;
				CLANG_WARN_UNGUARDED_AVAILABILITY = YES_AGGRESSIVE;
				CLANG_WARN_UNREACHABLE_CODE = YES;
				CLANG_WARN__DUPLICATE_METHOD_MATCH = YES;
				CODE_SIGN_IDENTITY = "iPhone Developer";
				COPY_PHASE_STRIP = NO;
				DEBUG_INFORMATION_FORMAT = "dwarf-with-dsym";
				ENABLE_NS_ASSERTIONS = NO;
				ENABLE_STRICT_OBJC_MSGSEND = YES;
				GCC_C_LANGUAGE_STANDARD = gnu11;
				GCC_NO_COMMON_BLOCKS = YES;
				GCC_WARN_64_TO_32_BIT_CONVERSION = YES;
				GCC_WARN_ABOUT_RETURN_TYPE = YES_ERROR;
				GCC_WARN_UNDECLARED_SELECTOR = YES;
				GCC_WARN_UNINITIALIZED_AUTOS = YES_AGGRESSIVE;
				GCC_WARN_UNUSED_FUNCTION = YES;
				GCC_WARN_UNUSED_VARIABLE = YES;
				IPHONEOS_DEPLOYMENT_TARGET = 12.2;
				MTL_ENABLE_DEBUG_INFO = NO;
				MTL_FAST_MATH = YES;
				SDKROOT = iphoneos;
				SWIFT_COMPILATION_MODE = wholemodule;
				SWIFT_OPTIMIZATION_LEVEL = "-O";
				VALIDATE_PRODUCT = YES;
			};
			name = Release;
		};
		A899ACA422AF612900B1F4FE /* Debug */ = {
			isa = XCBuildConfiguration;
			buildSettings = {
				ASSETCATALOG_COMPILER_APPICON_NAME = AppIcon;
				CODE_SIGN_STYLE = Automatic;
				DEVELOPMENT_TEAM = U5DWTJ9Q4A;
				INFOPLIST_FILE = PocketPrinter3D2.0/Info.plist;
				LD_RUNPATH_SEARCH_PATHS = (
					"$(inherited)",
					"@executable_path/Frameworks",
				);
				PRODUCT_BUNDLE_IDENTIFIER = "nanoatx.PocketPrinter3D2-0";
				PRODUCT_NAME = "$(TARGET_NAME)";
				SWIFT_VERSION = 5.0;
				TARGETED_DEVICE_FAMILY = "1,2";
			};
			name = Debug;
		};
		A899ACA522AF612900B1F4FE /* Release */ = {
			isa = XCBuildConfiguration;
			buildSettings = {
				ASSETCATALOG_COMPILER_APPICON_NAME = AppIcon;
				CODE_SIGN_STYLE = Automatic;
				DEVELOPMENT_TEAM = U5DWTJ9Q4A;
				INFOPLIST_FILE = PocketPrinter3D2.0/Info.plist;
				LD_RUNPATH_SEARCH_PATHS = (
					"$(inherited)",
					"@executable_path/Frameworks",
				);
				PRODUCT_BUNDLE_IDENTIFIER = "nanoatx.PocketPrinter3D2-0";
				PRODUCT_NAME = "$(TARGET_NAME)";
				SWIFT_VERSION = 5.0;
				TARGETED_DEVICE_FAMILY = "1,2";
			};
			name = Release;
		};
		A899ACA722AF612900B1F4FE /* Debug */ = {
			isa = XCBuildConfiguration;
			buildSettings = {
				ALWAYS_EMBED_SWIFT_STANDARD_LIBRARIES = YES;
				BUNDLE_LOADER = "$(TEST_HOST)";
				CODE_SIGN_STYLE = Automatic;
				DEVELOPMENT_TEAM = U5DWTJ9Q4A;
				INFOPLIST_FILE = PocketPrinter3D2.0Tests/Info.plist;
				LD_RUNPATH_SEARCH_PATHS = (
					"$(inherited)",
					"@executable_path/Frameworks",
					"@loader_path/Frameworks",
				);
				PRODUCT_BUNDLE_IDENTIFIER = "nanoatx.PocketPrinter3D2-0Tests";
				PRODUCT_NAME = "$(TARGET_NAME)";
				SWIFT_VERSION = 5.0;
				TARGETED_DEVICE_FAMILY = "1,2";
				TEST_HOST = "$(BUILT_PRODUCTS_DIR)/PocketPrinter3D2.0.app/PocketPrinter3D2.0";
			};
			name = Debug;
		};
		A899ACA822AF612900B1F4FE /* Release */ = {
			isa = XCBuildConfiguration;
			buildSettings = {
				ALWAYS_EMBED_SWIFT_STANDARD_LIBRARIES = YES;
				BUNDLE_LOADER = "$(TEST_HOST)";
				CODE_SIGN_STYLE = Automatic;
				DEVELOPMENT_TEAM = U5DWTJ9Q4A;
				INFOPLIST_FILE = PocketPrinter3D2.0Tests/Info.plist;
				LD_RUNPATH_SEARCH_PATHS = (
					"$(inherited)",
					"@executable_path/Frameworks",
					"@loader_path/Frameworks",
				);
				PRODUCT_BUNDLE_IDENTIFIER = "nanoatx.PocketPrinter3D2-0Tests";
				PRODUCT_NAME = "$(TARGET_NAME)";
				SWIFT_VERSION = 5.0;
				TARGETED_DEVICE_FAMILY = "1,2";
				TEST_HOST = "$(BUILT_PRODUCTS_DIR)/PocketPrinter3D2.0.app/PocketPrinter3D2.0";
			};
			name = Release;
		};
		A899ACAA22AF612900B1F4FE /* Debug */ = {
			isa = XCBuildConfiguration;
			buildSettings = {
				ALWAYS_EMBED_SWIFT_STANDARD_LIBRARIES = YES;
				CODE_SIGN_STYLE = Automatic;
				DEVELOPMENT_TEAM = U5DWTJ9Q4A;
				INFOPLIST_FILE = PocketPrinter3D2.0UITests/Info.plist;
				LD_RUNPATH_SEARCH_PATHS = (
					"$(inherited)",
					"@executable_path/Frameworks",
					"@loader_path/Frameworks",
				);
				PRODUCT_BUNDLE_IDENTIFIER = "nanoatx.PocketPrinter3D2-0UITests";
				PRODUCT_NAME = "$(TARGET_NAME)";
				SWIFT_VERSION = 5.0;
				TARGETED_DEVICE_FAMILY = "1,2";
				TEST_TARGET_NAME = PocketPrinter3D2.0;
			};
			name = Debug;
		};
		A899ACAB22AF612900B1F4FE /* Release */ = {
			isa = XCBuildConfiguration;
			buildSettings = {
				ALWAYS_EMBED_SWIFT_STANDARD_LIBRARIES = YES;
				CODE_SIGN_STYLE = Automatic;
				DEVELOPMENT_TEAM = U5DWTJ9Q4A;
				INFOPLIST_FILE = PocketPrinter3D2.0UITests/Info.plist;
				LD_RUNPATH_SEARCH_PATHS = (
					"$(inherited)",
					"@executable_path/Frameworks",
					"@loader_path/Frameworks",
				);
				PRODUCT_BUNDLE_IDENTIFIER = "nanoatx.PocketPrinter3D2-0UITests";
				PRODUCT_NAME = "$(TARGET_NAME)";
				SWIFT_VERSION = 5.0;
				TARGETED_DEVICE_FAMILY = "1,2";
				TEST_TARGET_NAME = PocketPrinter3D2.0;
			};
			name = Release;
		};
/* End XCBuildConfiguration section */

/* Begin XCConfigurationList section */
		A899AC7622AF612800B1F4FE /* Build configuration list for PBXProject "PocketPrinter3D2.0" */ = {
			isa = XCConfigurationList;
			buildConfigurations = (
				A899ACA122AF612900B1F4FE /* Debug */,
				A899ACA222AF612900B1F4FE /* Release */,
			);
			defaultConfigurationIsVisible = 0;
			defaultConfigurationName = Release;
		};
		A899ACA322AF612900B1F4FE /* Build configuration list for PBXNativeTarget "PocketPrinter3D2.0" */ = {
			isa = XCConfigurationList;
			buildConfigurations = (
				A899ACA422AF612900B1F4FE /* Debug */,
				A899ACA522AF612900B1F4FE /* Release */,
			);
			defaultConfigurationIsVisible = 0;
			defaultConfigurationName = Release;
		};
		A899ACA622AF612900B1F4FE /* Build configuration list for PBXNativeTarget "PocketPrinter3D2.0Tests" */ = {
			isa = XCConfigurationList;
			buildConfigurations = (
				A899ACA722AF612900B1F4FE /* Debug */,
				A899ACA822AF612900B1F4FE /* Release */,
			);
			defaultConfigurationIsVisible = 0;
			defaultConfigurationName = Release;
		};
		A899ACA922AF612900B1F4FE /* Build configuration list for PBXNativeTarget "PocketPrinter3D2.0UITests" */ = {
			isa = XCConfigurationList;
			buildConfigurations = (
				A899ACAA22AF612900B1F4FE /* Debug */,
				A899ACAB22AF612900B1F4FE /* Release */,
			);
			defaultConfigurationIsVisible = 0;
			defaultConfigurationName = Release;
		};
/* End XCConfigurationList section */
	};
	rootObject = A899AC7322AF612800B1F4FE /* Project object */;
}
