// !$*UTF8*$!
{
	archiveVersion = 1;
	classes = {
	};
	objectVersion = 50;
	objects = {

/* Begin PBXBuildFile section */
		A8AAA0AD22AEB575006CCD19 /* AppDelegate.swift in Sources */ = {isa = PBXBuildFile; fileRef = A8AAA0AC22AEB575006CCD19 /* AppDelegate.swift */; };
		A8AAA0AF22AEB575006CCD19 /* RootViewController.swift in Sources */ = {isa = PBXBuildFile; fileRef = A8AAA0AE22AEB575006CCD19 /* RootViewController.swift */; };
		A8AAA0B122AEB575006CCD19 /* DataViewController.swift in Sources */ = {isa = PBXBuildFile; fileRef = A8AAA0B022AEB575006CCD19 /* DataViewController.swift */; };
		A8AAA0B322AEB575006CCD19 /* ModelController.swift in Sources */ = {isa = PBXBuildFile; fileRef = A8AAA0B222AEB575006CCD19 /* ModelController.swift */; };
		A8AAA0B622AEB575006CCD19 /* Main.storyboard in Resources */ = {isa = PBXBuildFile; fileRef = A8AAA0B422AEB575006CCD19 /* Main.storyboard */; };
		A8AAA0B822AEB576006CCD19 /* Assets.xcassets in Resources */ = {isa = PBXBuildFile; fileRef = A8AAA0B722AEB576006CCD19 /* Assets.xcassets */; };
		A8AAA0BB22AEB576006CCD19 /* LaunchScreen.storyboard in Resources */ = {isa = PBXBuildFile; fileRef = A8AAA0B922AEB576006CCD19 /* LaunchScreen.storyboard */; };
		A8AAA0C622AEB576006CCD19 /* PocketPrinter3DTests.swift in Sources */ = {isa = PBXBuildFile; fileRef = A8AAA0C522AEB576006CCD19 /* PocketPrinter3DTests.swift */; };
		A8AAA0D122AEB576006CCD19 /* PocketPrinter3DUITests.swift in Sources */ = {isa = PBXBuildFile; fileRef = A8AAA0D022AEB576006CCD19 /* PocketPrinter3DUITests.swift */; };
/* End PBXBuildFile section */

/* Begin PBXContainerItemProxy section */
		A8AAA0C222AEB576006CCD19 /* PBXContainerItemProxy */ = {
			isa = PBXContainerItemProxy;
			containerPortal = A8AAA0A122AEB575006CCD19 /* Project object */;
			proxyType = 1;
			remoteGlobalIDString = A8AAA0A822AEB575006CCD19;
			remoteInfo = PocketPrinter3D;
		};
		A8AAA0CD22AEB576006CCD19 /* PBXContainerItemProxy */ = {
			isa = PBXContainerItemProxy;
			containerPortal = A8AAA0A122AEB575006CCD19 /* Project object */;
			proxyType = 1;
			remoteGlobalIDString = A8AAA0A822AEB575006CCD19;
			remoteInfo = PocketPrinter3D;
		};
/* End PBXContainerItemProxy section */

/* Begin PBXFileReference section */
		A8AAA0A922AEB575006CCD19 /* PocketPrinter3D.app */ = {isa = PBXFileReference; explicitFileType = wrapper.application; includeInIndex = 0; path = PocketPrinter3D.app; sourceTree = BUILT_PRODUCTS_DIR; };
		A8AAA0AC22AEB575006CCD19 /* AppDelegate.swift */ = {isa = PBXFileReference; lastKnownFileType = sourcecode.swift; path = AppDelegate.swift; sourceTree = "<group>"; };
		A8AAA0AE22AEB575006CCD19 /* RootViewController.swift */ = {isa = PBXFileReference; lastKnownFileType = sourcecode.swift; path = RootViewController.swift; sourceTree = "<group>"; };
		A8AAA0B022AEB575006CCD19 /* DataViewController.swift */ = {isa = PBXFileReference; lastKnownFileType = sourcecode.swift; path = DataViewController.swift; sourceTree = "<group>"; };
		A8AAA0B222AEB575006CCD19 /* ModelController.swift */ = {isa = PBXFileReference; lastKnownFileType = sourcecode.swift; path = ModelController.swift; sourceTree = "<group>"; };
		A8AAA0B522AEB575006CCD19 /* Base */ = {isa = PBXFileReference; lastKnownFileType = file.storyboard; name = Base; path = Base.lproj/Main.storyboard; sourceTree = "<group>"; };
		A8AAA0B722AEB576006CCD19 /* Assets.xcassets */ = {isa = PBXFileReference; lastKnownFileType = folder.assetcatalog; path = Assets.xcassets; sourceTree = "<group>"; };
		A8AAA0BA22AEB576006CCD19 /* Base */ = {isa = PBXFileReference; lastKnownFileType = file.storyboard; name = Base; path = Base.lproj/LaunchScreen.storyboard; sourceTree = "<group>"; };
		A8AAA0BC22AEB576006CCD19 /* Info.plist */ = {isa = PBXFileReference; lastKnownFileType = text.plist.xml; path = Info.plist; sourceTree = "<group>"; };
		A8AAA0C122AEB576006CCD19 /* PocketPrinter3DTests.xctest */ = {isa = PBXFileReference; explicitFileType = wrapper.cfbundle; includeInIndex = 0; path = PocketPrinter3DTests.xctest; sourceTree = BUILT_PRODUCTS_DIR; };
		A8AAA0C522AEB576006CCD19 /* PocketPrinter3DTests.swift */ = {isa = PBXFileReference; lastKnownFileType = sourcecode.swift; path = PocketPrinter3DTests.swift; sourceTree = "<group>"; };
		A8AAA0C722AEB576006CCD19 /* Info.plist */ = {isa = PBXFileReference; lastKnownFileType = text.plist.xml; path = Info.plist; sourceTree = "<group>"; };
		A8AAA0CC22AEB576006CCD19 /* PocketPrinter3DUITests.xctest */ = {isa = PBXFileReference; explicitFileType = wrapper.cfbundle; includeInIndex = 0; path = PocketPrinter3DUITests.xctest; sourceTree = BUILT_PRODUCTS_DIR; };
		A8AAA0D022AEB576006CCD19 /* PocketPrinter3DUITests.swift */ = {isa = PBXFileReference; lastKnownFileType = sourcecode.swift; path = PocketPrinter3DUITests.swift; sourceTree = "<group>"; };
		A8AAA0D222AEB576006CCD19 /* Info.plist */ = {isa = PBXFileReference; lastKnownFileType = text.plist.xml; path = Info.plist; sourceTree = "<group>"; };
		A8AAA0DE22AEB65F006CCD19 /* IMG_2316.HEIC */ = {isa = PBXFileReference; lastKnownFileType = file; name = IMG_2316.HEIC; path = ../../../../../../../../Downloads/IMG_2316.HEIC; sourceTree = "<group>"; };
/* End PBXFileReference section */

/* Begin PBXFrameworksBuildPhase section */
		A8AAA0A622AEB575006CCD19 /* Frameworks */ = {
			isa = PBXFrameworksBuildPhase;
			buildActionMask = 2147483647;
			files = (
			);
			runOnlyForDeploymentPostprocessing = 0;
		};
		A8AAA0BE22AEB576006CCD19 /* Frameworks */ = {
			isa = PBXFrameworksBuildPhase;
			buildActionMask = 2147483647;
			files = (
			);
			runOnlyForDeploymentPostprocessing = 0;
		};
		A8AAA0C922AEB576006CCD19 /* Frameworks */ = {
			isa = PBXFrameworksBuildPhase;
			buildActionMask = 2147483647;
			files = (
			);
			runOnlyForDeploymentPostprocessing = 0;
		};
/* End PBXFrameworksBuildPhase section */

/* Begin PBXGroup section */
		A8AAA0A022AEB575006CCD19 = {
			isa = PBXGroup;
			children = (
				A8AAA0AB22AEB575006CCD19 /* PocketPrinter3D */,
				A8AAA0C422AEB576006CCD19 /* PocketPrinter3DTests */,
				A8AAA0CF22AEB576006CCD19 /* PocketPrinter3DUITests */,
				A8AAA0AA22AEB575006CCD19 /* Products */,
			);
			sourceTree = "<group>";
		};
		A8AAA0AA22AEB575006CCD19 /* Products */ = {
			isa = PBXGroup;
			children = (
				A8AAA0A922AEB575006CCD19 /* PocketPrinter3D.app */,
				A8AAA0C122AEB576006CCD19 /* PocketPrinter3DTests.xctest */,
				A8AAA0CC22AEB576006CCD19 /* PocketPrinter3DUITests.xctest */,
			);
			name = Products;
			sourceTree = "<group>";
		};
		A8AAA0AB22AEB575006CCD19 /* PocketPrinter3D */ = {
			isa = PBXGroup;
			children = (
				A8AAA0B022AEB575006CCD19 /* DataViewController.swift */,
				A8AAA0AC22AEB575006CCD19 /* AppDelegate.swift */,
				A8AAA0AE22AEB575006CCD19 /* RootViewController.swift */,
				A8AAA0B222AEB575006CCD19 /* ModelController.swift */,
				A8AAA0B422AEB575006CCD19 /* Main.storyboard */,
				A8AAA0DE22AEB65F006CCD19 /* IMG_2316.HEIC */,
				A8AAA0B722AEB576006CCD19 /* Assets.xcassets */,
				A8AAA0B922AEB576006CCD19 /* LaunchScreen.storyboard */,
				A8AAA0BC22AEB576006CCD19 /* Info.plist */,
			);
			path = PocketPrinter3D;
			sourceTree = "<group>";
		};
		A8AAA0C422AEB576006CCD19 /* PocketPrinter3DTests */ = {
			isa = PBXGroup;
			children = (
				A8AAA0C522AEB576006CCD19 /* PocketPrinter3DTests.swift */,
				A8AAA0C722AEB576006CCD19 /* Info.plist */,
			);
			path = PocketPrinter3DTests;
			sourceTree = "<group>";
		};
		A8AAA0CF22AEB576006CCD19 /* PocketPrinter3DUITests */ = {
			isa = PBXGroup;
			children = (
				A8AAA0D022AEB576006CCD19 /* PocketPrinter3DUITests.swift */,
				A8AAA0D222AEB576006CCD19 /* Info.plist */,
			);
			path = PocketPrinter3DUITests;
			sourceTree = "<group>";
		};
/* End PBXGroup section */

/* Begin PBXNativeTarget section */
		A8AAA0A822AEB575006CCD19 /* PocketPrinter3D */ = {
			isa = PBXNativeTarget;
			buildConfigurationList = A8AAA0D522AEB576006CCD19 /* Build configuration list for PBXNativeTarget "PocketPrinter3D" */;
			buildPhases = (
				A8AAA0A522AEB575006CCD19 /* Sources */,
				A8AAA0A622AEB575006CCD19 /* Frameworks */,
				A8AAA0A722AEB575006CCD19 /* Resources */,
			);
			buildRules = (
			);
			dependencies = (
			);
			name = PocketPrinter3D;
			productName = PocketPrinter3D;
			productReference = A8AAA0A922AEB575006CCD19 /* PocketPrinter3D.app */;
			productType = "com.apple.product-type.application";
		};
		A8AAA0C022AEB576006CCD19 /* PocketPrinter3DTests */ = {
			isa = PBXNativeTarget;
			buildConfigurationList = A8AAA0D822AEB576006CCD19 /* Build configuration list for PBXNativeTarget "PocketPrinter3DTests" */;
			buildPhases = (
				A8AAA0BD22AEB576006CCD19 /* Sources */,
				A8AAA0BE22AEB576006CCD19 /* Frameworks */,
				A8AAA0BF22AEB576006CCD19 /* Resources */,
			);
			buildRules = (
			);
			dependencies = (
				A8AAA0C322AEB576006CCD19 /* PBXTargetDependency */,
			);
			name = PocketPrinter3DTests;
			productName = PocketPrinter3DTests;
			productReference = A8AAA0C122AEB576006CCD19 /* PocketPrinter3DTests.xctest */;
			productType = "com.apple.product-type.bundle.unit-test";
		};
		A8AAA0CB22AEB576006CCD19 /* PocketPrinter3DUITests */ = {
			isa = PBXNativeTarget;
			buildConfigurationList = A8AAA0DB22AEB576006CCD19 /* Build configuration list for PBXNativeTarget "PocketPrinter3DUITests" */;
			buildPhases = (
				A8AAA0C822AEB576006CCD19 /* Sources */,
				A8AAA0C922AEB576006CCD19 /* Frameworks */,
				A8AAA0CA22AEB576006CCD19 /* Resources */,
			);
			buildRules = (
			);
			dependencies = (
				A8AAA0CE22AEB576006CCD19 /* PBXTargetDependency */,
			);
			name = PocketPrinter3DUITests;
			productName = PocketPrinter3DUITests;
			productReference = A8AAA0CC22AEB576006CCD19 /* PocketPrinter3DUITests.xctest */;
			productType = "com.apple.product-type.bundle.ui-testing";
		};
/* End PBXNativeTarget section */

/* Begin PBXProject section */
		A8AAA0A122AEB575006CCD19 /* Project object */ = {
			isa = PBXProject;
			attributes = {
				LastSwiftUpdateCheck = 1020;
				LastUpgradeCheck = 1020;
				ORGANIZATIONNAME = "David Bershadsky and Leah Teichholtz";
				TargetAttributes = {
					A8AAA0A822AEB575006CCD19 = {
						CreatedOnToolsVersion = 10.2.1;
					};
					A8AAA0C022AEB576006CCD19 = {
						CreatedOnToolsVersion = 10.2.1;
						TestTargetID = A8AAA0A822AEB575006CCD19;
					};
					A8AAA0CB22AEB576006CCD19 = {
						CreatedOnToolsVersion = 10.2.1;
						TestTargetID = A8AAA0A822AEB575006CCD19;
					};
				};
			};
			buildConfigurationList = A8AAA0A422AEB575006CCD19 /* Build configuration list for PBXProject "PocketPrinter3D" */;
			compatibilityVersion = "Xcode 9.3";
			developmentRegion = en;
			hasScannedForEncodings = 0;
			knownRegions = (
				en,
				Base,
			);
			mainGroup = A8AAA0A022AEB575006CCD19;
			productRefGroup = A8AAA0AA22AEB575006CCD19 /* Products */;
			projectDirPath = "";
			projectRoot = "";
			targets = (
				A8AAA0A822AEB575006CCD19 /* PocketPrinter3D */,
				A8AAA0C022AEB576006CCD19 /* PocketPrinter3DTests */,
				A8AAA0CB22AEB576006CCD19 /* PocketPrinter3DUITests */,
			);
		};
/* End PBXProject section */

/* Begin PBXResourcesBuildPhase section */
		A8AAA0A722AEB575006CCD19 /* Resources */ = {
			isa = PBXResourcesBuildPhase;
			buildActionMask = 2147483647;
			files = (
				A8AAA0BB22AEB576006CCD19 /* LaunchScreen.storyboard in Resources */,
				A8AAA0B822AEB576006CCD19 /* Assets.xcassets in Resources */,
				A8AAA0B622AEB575006CCD19 /* Main.storyboard in Resources */,
			);
			runOnlyForDeploymentPostprocessing = 0;
		};
		A8AAA0BF22AEB576006CCD19 /* Resources */ = {
			isa = PBXResourcesBuildPhase;
			buildActionMask = 2147483647;
			files = (
			);
			runOnlyForDeploymentPostprocessing = 0;
		};
		A8AAA0CA22AEB576006CCD19 /* Resources */ = {
			isa = PBXResourcesBuildPhase;
			buildActionMask = 2147483647;
			files = (
			);
			runOnlyForDeploymentPostprocessing = 0;
		};
/* End PBXResourcesBuildPhase section */

/* Begin PBXSourcesBuildPhase section */
		A8AAA0A522AEB575006CCD19 /* Sources */ = {
			isa = PBXSourcesBuildPhase;
			buildActionMask = 2147483647;
			files = (
				A8AAA0AF22AEB575006CCD19 /* RootViewController.swift in Sources */,
				A8AAA0B322AEB575006CCD19 /* ModelController.swift in Sources */,
				A8AAA0B122AEB575006CCD19 /* DataViewController.swift in Sources */,
				A8AAA0AD22AEB575006CCD19 /* AppDelegate.swift in Sources */,
			);
			runOnlyForDeploymentPostprocessing = 0;
		};
		A8AAA0BD22AEB576006CCD19 /* Sources */ = {
			isa = PBXSourcesBuildPhase;
			buildActionMask = 2147483647;
			files = (
				A8AAA0C622AEB576006CCD19 /* PocketPrinter3DTests.swift in Sources */,
			);
			runOnlyForDeploymentPostprocessing = 0;
		};
		A8AAA0C822AEB576006CCD19 /* Sources */ = {
			isa = PBXSourcesBuildPhase;
			buildActionMask = 2147483647;
			files = (
				A8AAA0D122AEB576006CCD19 /* PocketPrinter3DUITests.swift in Sources */,
			);
			runOnlyForDeploymentPostprocessing = 0;
		};
/* End PBXSourcesBuildPhase section */

/* Begin PBXTargetDependency section */
		A8AAA0C322AEB576006CCD19 /* PBXTargetDependency */ = {
			isa = PBXTargetDependency;
			target = A8AAA0A822AEB575006CCD19 /* PocketPrinter3D */;
			targetProxy = A8AAA0C222AEB576006CCD19 /* PBXContainerItemProxy */;
		};
		A8AAA0CE22AEB576006CCD19 /* PBXTargetDependency */ = {
			isa = PBXTargetDependency;
			target = A8AAA0A822AEB575006CCD19 /* PocketPrinter3D */;
			targetProxy = A8AAA0CD22AEB576006CCD19 /* PBXContainerItemProxy */;
		};
/* End PBXTargetDependency section */

/* Begin PBXVariantGroup section */
		A8AAA0B422AEB575006CCD19 /* Main.storyboard */ = {
			isa = PBXVariantGroup;
			children = (
				A8AAA0B522AEB575006CCD19 /* Base */,
			);
			name = Main.storyboard;
			sourceTree = "<group>";
		};
		A8AAA0B922AEB576006CCD19 /* LaunchScreen.storyboard */ = {
			isa = PBXVariantGroup;
			children = (
				A8AAA0BA22AEB576006CCD19 /* Base */,
			);
			name = LaunchScreen.storyboard;
			sourceTree = "<group>";
		};
/* End PBXVariantGroup section */

/* Begin XCBuildConfiguration section */
		A8AAA0D322AEB576006CCD19 /* Debug */ = {
			isa = XCBuildConfiguration;
			buildSettings = {
				ALWAYS_SEARCH_USER_PATHS = NO;
				CLANG_ANALYZER_NONNULL = YES;
				CLANG_ANALYZER_NUMBER_OBJECT_CONVERSION = YES_AGGRESSIVE;
				CLANG_CXX_LANGUAGE_STANDARD = "gnu++14";
				CLANG_CXX_LIBRARY = "libc++";
				CLANG_ENABLE_MODULES = YES;
				CLANG_ENABLE_OBJC_ARC = YES;
				CLANG_ENABLE_OBJC_WEAK = YES;
				CLANG_WARN_BLOCK_CAPTURE_AUTORELEASING = YES;
				CLANG_WARN_BOOL_CONVERSION = YES;
				CLANG_WARN_COMMA = YES;
				CLANG_WARN_CONSTANT_CONVERSION = YES;
				CLANG_WARN_DEPRECATED_OBJC_IMPLEMENTATIONS = YES;
				CLANG_WARN_DIRECT_OBJC_ISA_USAGE = YES_ERROR;
				CLANG_WARN_DOCUMENTATION_COMMENTS = YES;
				CLANG_WARN_EMPTY_BODY = YES;
				CLANG_WARN_ENUM_CONVERSION = YES;
				CLANG_WARN_INFINITE_RECURSION = YES;
				CLANG_WARN_INT_CONVERSION = YES;
				CLANG_WARN_NON_LITERAL_NULL_CONVERSION = YES;
				CLANG_WARN_OBJC_IMPLICIT_RETAIN_SELF = YES;
				CLANG_WARN_OBJC_LITERAL_CONVERSION = YES;
				CLANG_WARN_OBJC_ROOT_CLASS = YES_ERROR;
				CLANG_WARN_RANGE_LOOP_ANALYSIS = YES;
				CLANG_WARN_STRICT_PROTOTYPES = YES;
				CLANG_WARN_SUSPICIOUS_MOVE = YES;
				CLANG_WARN_UNGUARDED_AVAILABILITY = YES_AGGRESSIVE;
				CLANG_WARN_UNREACHABLE_CODE = YES;
				CLANG_WARN__DUPLICATE_METHOD_MATCH = YES;
				CODE_SIGN_IDENTITY = "iPhone Developer";
				COPY_PHASE_STRIP = NO;
				DEBUG_INFORMATION_FORMAT = dwarf;
				ENABLE_STRICT_OBJC_MSGSEND = YES;
				ENABLE_TESTABILITY = YES;
				GCC_C_LANGUAGE_STANDARD = gnu11;
				GCC_DYNAMIC_NO_PIC = NO;
				GCC_NO_COMMON_BLOCKS = YES;
				GCC_OPTIMIZATION_LEVEL = 0;
				GCC_PREPROCESSOR_DEFINITIONS = (
					"DEBUG=1",
					"$(inherited)",
				);
				GCC_WARN_64_TO_32_BIT_CONVERSION = YES;
				GCC_WARN_ABOUT_RETURN_TYPE = YES_ERROR;
				GCC_WARN_UNDECLARED_SELECTOR = YES;
				GCC_WARN_UNINITIALIZED_AUTOS = YES_AGGRESSIVE;
				GCC_WARN_UNUSED_FUNCTION = YES;
				GCC_WARN_UNUSED_VARIABLE = YES;
				IPHONEOS_DEPLOYMENT_TARGET = 12.2;
				MTL_ENABLE_DEBUG_INFO = INCLUDE_SOURCE;
				MTL_FAST_MATH = YES;
				ONLY_ACTIVE_ARCH = YES;
				SDKROOT = iphoneos;
				SWIFT_ACTIVE_COMPILATION_CONDITIONS = DEBUG;
				SWIFT_OPTIMIZATION_LEVEL = "-Onone";
			};
			name = Debug;
		};
		A8AAA0D422AEB576006CCD19 /* Release */ = {
			isa = XCBuildConfiguration;
			buildSettings = {
				ALWAYS_SEARCH_USER_PATHS = NO;
				CLANG_ANALYZER_NONNULL = YES;
				CLANG_ANALYZER_NUMBER_OBJECT_CONVERSION = YES_AGGRESSIVE;
				CLANG_CXX_LANGUAGE_STANDARD = "gnu++14";
				CLANG_CXX_LIBRARY = "libc++";
				CLANG_ENABLE_MODULES = YES;
				CLANG_ENABLE_OBJC_ARC = YES;
				CLANG_ENABLE_OBJC_WEAK = YES;
				CLANG_WARN_BLOCK_CAPTURE_AUTORELEASING = YES;
				CLANG_WARN_BOOL_CONVERSION = YES;
				CLANG_WARN_COMMA = YES;
				CLANG_WARN_CONSTANT_CONVERSION = YES;
				CLANG_WARN_DEPRECATED_OBJC_IMPLEMENTATIONS = YES;
				CLANG_WARN_DIRECT_OBJC_ISA_USAGE = YES_ERROR;
				CLANG_WARN_DOCUMENTATION_COMMENTS = YES;
				CLANG_WARN_EMPTY_BODY = YES;
				CLANG_WARN_ENUM_CONVERSION = YES;
				CLANG_WARN_INFINITE_RECURSION = YES;
				CLANG_WARN_INT_CONVERSION = YES;
				CLANG_WARN_NON_LITERAL_NULL_CONVERSION = YES;
				CLANG_WARN_OBJC_IMPLICIT_RETAIN_SELF = YES;
				CLANG_WARN_OBJC_LITERAL_CONVERSION = YES;
				CLANG_WARN_OBJC_ROOT_CLASS = YES_ERROR;
				CLANG_WARN_RANGE_LOOP_ANALYSIS = YES;
				CLANG_WARN_STRICT_PROTOTYPES = YES;
				CLANG_WARN_SUSPICIOUS_MOVE = YES;
				CLANG_WARN_UNGUARDED_AVAILABILITY = YES_AGGRESSIVE;
				CLANG_WARN_UNREACHABLE_CODE = YES;
				CLANG_WARN__DUPLICATE_METHOD_MATCH = YES;
				CODE_SIGN_IDENTITY = "iPhone Developer";
				COPY_PHASE_STRIP = NO;
				DEBUG_INFORMATION_FORMAT = "dwarf-with-dsym";
				ENABLE_NS_ASSERTIONS = NO;
				ENABLE_STRICT_OBJC_MSGSEND = YES;
				GCC_C_LANGUAGE_STANDARD = gnu11;
				GCC_NO_COMMON_BLOCKS = YES;
				GCC_WARN_64_TO_32_BIT_CONVERSION = YES;
				GCC_WARN_ABOUT_RETURN_TYPE = YES_ERROR;
				GCC_WARN_UNDECLARED_SELECTOR = YES;
				GCC_WARN_UNINITIALIZED_AUTOS = YES_AGGRESSIVE;
				GCC_WARN_UNUSED_FUNCTION = YES;
				GCC_WARN_UNUSED_VARIABLE = YES;
				IPHONEOS_DEPLOYMENT_TARGET = 12.2;
				MTL_ENABLE_DEBUG_INFO = NO;
				MTL_FAST_MATH = YES;
				SDKROOT = iphoneos;
				SWIFT_COMPILATION_MODE = wholemodule;
				SWIFT_OPTIMIZATION_LEVEL = "-O";
				VALIDATE_PRODUCT = YES;
			};
			name = Release;
		};
		A8AAA0D622AEB576006CCD19 /* Debug */ = {
			isa = XCBuildConfiguration;
			buildSettings = {
				ASSETCATALOG_COMPILER_APPICON_NAME = AppIcon;
				CODE_SIGN_STYLE = Automatic;
				DEVELOPMENT_TEAM = U5DWTJ9Q4A;
				INFOPLIST_FILE = PocketPrinter3D/Info.plist;
				LD_RUNPATH_SEARCH_PATHS = (
					"$(inherited)",
					"@executable_path/Frameworks",
				);
				PRODUCT_BUNDLE_IDENTIFIER = nanoatx.PocketPrinter3D;
				PRODUCT_NAME = "$(TARGET_NAME)";
				SWIFT_VERSION = 5.0;
				TARGETED_DEVICE_FAMILY = "1,2";
			};
			name = Debug;
		};
		A8AAA0D722AEB576006CCD19 /* Release */ = {
			isa = XCBuildConfiguration;
			buildSettings = {
				ASSETCATALOG_COMPILER_APPICON_NAME = AppIcon;
				CODE_SIGN_STYLE = Automatic;
				DEVELOPMENT_TEAM = U5DWTJ9Q4A;
				INFOPLIST_FILE = PocketPrinter3D/Info.plist;
				LD_RUNPATH_SEARCH_PATHS = (
					"$(inherited)",
					"@executable_path/Frameworks",
				);
				PRODUCT_BUNDLE_IDENTIFIER = nanoatx.PocketPrinter3D;
				PRODUCT_NAME = "$(TARGET_NAME)";
				SWIFT_VERSION = 5.0;
				TARGETED_DEVICE_FAMILY = "1,2";
			};
			name = Release;
		};
		A8AAA0D922AEB576006CCD19 /* Debug */ = {
			isa = XCBuildConfiguration;
			buildSettings = {
				ALWAYS_EMBED_SWIFT_STANDARD_LIBRARIES = YES;
				BUNDLE_LOADER = "$(TEST_HOST)";
				CODE_SIGN_STYLE = Automatic;
				DEVELOPMENT_TEAM = U5DWTJ9Q4A;
				INFOPLIST_FILE = PocketPrinter3DTests/Info.plist;
				LD_RUNPATH_SEARCH_PATHS = (
					"$(inherited)",
					"@executable_path/Frameworks",
					"@loader_path/Frameworks",
				);
				PRODUCT_BUNDLE_IDENTIFIER = nanoatx.PocketPrinter3DTests;
				PRODUCT_NAME = "$(TARGET_NAME)";
				SWIFT_VERSION = 5.0;
				TARGETED_DEVICE_FAMILY = "1,2";
				TEST_HOST = "$(BUILT_PRODUCTS_DIR)/PocketPrinter3D.app/PocketPrinter3D";
			};
			name = Debug;
		};
		A8AAA0DA22AEB576006CCD19 /* Release */ = {
			isa = XCBuildConfiguration;
			buildSettings = {
				ALWAYS_EMBED_SWIFT_STANDARD_LIBRARIES = YES;
				BUNDLE_LOADER = "$(TEST_HOST)";
				CODE_SIGN_STYLE = Automatic;
				DEVELOPMENT_TEAM = U5DWTJ9Q4A;
				INFOPLIST_FILE = PocketPrinter3DTests/Info.plist;
				LD_RUNPATH_SEARCH_PATHS = (
					"$(inherited)",
					"@executable_path/Frameworks",
					"@loader_path/Frameworks",
				);
				PRODUCT_BUNDLE_IDENTIFIER = nanoatx.PocketPrinter3DTests;
				PRODUCT_NAME = "$(TARGET_NAME)";
				SWIFT_VERSION = 5.0;
				TARGETED_DEVICE_FAMILY = "1,2";
				TEST_HOST = "$(BUILT_PRODUCTS_DIR)/PocketPrinter3D.app/PocketPrinter3D";
			};
			name = Release;
		};
		A8AAA0DC22AEB576006CCD19 /* Debug */ = {
			isa = XCBuildConfiguration;
			buildSettings = {
				ALWAYS_EMBED_SWIFT_STANDARD_LIBRARIES = YES;
				CODE_SIGN_STYLE = Automatic;
				DEVELOPMENT_TEAM = U5DWTJ9Q4A;
				INFOPLIST_FILE = PocketPrinter3DUITests/Info.plist;
				LD_RUNPATH_SEARCH_PATHS = (
					"$(inherited)",
					"@executable_path/Frameworks",
					"@loader_path/Frameworks",
				);
				PRODUCT_BUNDLE_IDENTIFIER = nanoatx.PocketPrinter3DUITests;
				PRODUCT_NAME = "$(TARGET_NAME)";
				SWIFT_VERSION = 5.0;
				TARGETED_DEVICE_FAMILY = "1,2";
				TEST_TARGET_NAME = PocketPrinter3D;
			};
			name = Debug;
		};
		A8AAA0DD22AEB576006CCD19 /* Release */ = {
			isa = XCBuildConfiguration;
			buildSettings = {
				ALWAYS_EMBED_SWIFT_STANDARD_LIBRARIES = YES;
				CODE_SIGN_STYLE = Automatic;
				DEVELOPMENT_TEAM = U5DWTJ9Q4A;
				INFOPLIST_FILE = PocketPrinter3DUITests/Info.plist;
				LD_RUNPATH_SEARCH_PATHS = (
					"$(inherited)",
					"@executable_path/Frameworks",
					"@loader_path/Frameworks",
				);
				PRODUCT_BUNDLE_IDENTIFIER = nanoatx.PocketPrinter3DUITests;
				PRODUCT_NAME = "$(TARGET_NAME)";
				SWIFT_VERSION = 5.0;
				TARGETED_DEVICE_FAMILY = "1,2";
				TEST_TARGET_NAME = PocketPrinter3D;
			};
			name = Release;
		};
/* End XCBuildConfiguration section */

/* Begin XCConfigurationList section */
		A8AAA0A422AEB575006CCD19 /* Build configuration list for PBXProject "PocketPrinter3D" */ = {
			isa = XCConfigurationList;
			buildConfigurations = (
				A8AAA0D322AEB576006CCD19 /* Debug */,
				A8AAA0D422AEB576006CCD19 /* Release */,
			);
			defaultConfigurationIsVisible = 0;
			defaultConfigurationName = Release;
		};
		A8AAA0D522AEB576006CCD19 /* Build configuration list for PBXNativeTarget "PocketPrinter3D" */ = {
			isa = XCConfigurationList;
			buildConfigurations = (
				A8AAA0D622AEB576006CCD19 /* Debug */,
				A8AAA0D722AEB576006CCD19 /* Release */,
			);
			defaultConfigurationIsVisible = 0;
			defaultConfigurationName = Release;
		};
		A8AAA0D822AEB576006CCD19 /* Build configuration list for PBXNativeTarget "PocketPrinter3DTests" */ = {
			isa = XCConfigurationList;
			buildConfigurations = (
				A8AAA0D922AEB576006CCD19 /* Debug */,
				A8AAA0DA22AEB576006CCD19 /* Release */,
			);
			defaultConfigurationIsVisible = 0;
			defaultConfigurationName = Release;
		};
		A8AAA0DB22AEB576006CCD19 /* Build configuration list for PBXNativeTarget "PocketPrinter3DUITests" */ = {
			isa = XCConfigurationList;
			buildConfigurations = (
				A8AAA0DC22AEB576006CCD19 /* Debug */,
				A8AAA0DD22AEB576006CCD19 /* Release */,
			);
			defaultConfigurationIsVisible = 0;
			defaultConfigurationName = Release;
		};
/* End XCConfigurationList section */
	};
	rootObject = A8AAA0A122AEB575006CCD19 /* Project object */;
}
